
Microsoft Visual Studio Solution File, Format Version 12.00
# Visual Studio Version 16
VisualStudioVersion = 16.0.30621.155
MinimumVisualStudioVersion = 10.0.40219.1
Project("{FAE04EC0-301F-11D3-BF4B-00C04F79EFBC}") = "todolist", "todolist\todolist.csproj", "{23453329-2ACB-4076-87CE-DBBEB6116086}"
EndProject
Global
	GlobalSection(SolutionConfigurationPlatforms) = preSolution
		Debug|Any CPU = Debug|Any CPU
		Release|Any CPU = Release|Any CPU
	EndGlobalSection
	GlobalSection(ProjectConfigurationPlatforms) = postSolution
		{23453329-2ACB-4076-87CE-DBBEB6116086}.Debug|Any CPU.ActiveCfg = Debug|Any CPU
		{23453329-2ACB-4076-87CE-DBBEB6116086}.Debug|Any CPU.Build.0 = Debug|Any CPU
		{23453329-2ACB-4076-87CE-DBBEB6116086}.Release|Any CPU.ActiveCfg = Release|Any CPU
		{23453329-2ACB-4076-87CE-DBBEB6116086}.Release|Any CPU.Build.0 = Release|Any CPU
	EndGlobalSection
	GlobalSection(SolutionProperties) = preSolution
		HideSolutionNode = FALSE
	EndGlobalSection
	GlobalSection(ExtensibilityGlobals) = postSolution
		SolutionGuid = {E612D9EB-E6CE-4672-969B-16771349DE5E}
	EndGlobalSection
EndGlobal
